
Microsoft Visual Studio Solution File, Format Version 11.00
# Visual Studio 2010
Project("{FAE04EC0-301F-11D3-BF4B-00C04F79EFBC}") = "UniTask", "UniTask.csproj", "{f4ee67c2-c17a-7384-cbf4-9d6213c4608e}"
EndProject
Project("{FAE04EC0-301F-11D3-BF4B-00C04F79EFBC}") = "Assembly-CSharp", "Assembly-CSharp.csproj", "{71231e0e-cb38-d206-50c1-e8ac7baf8f0b}"
EndProject
Project("{FAE04EC0-301F-11D3-BF4B-00C04F79EFBC}") = "UniTask.Linq", "UniTask.Linq.csproj", "{075ed485-46ed-266f-0572-9df72a7fe015}"
EndProject
Project("{FAE04EC0-301F-11D3-BF4B-00C04F79EFBC}") = "UniTask.DOTween", "UniTask.DOTween.csproj", "{9733e7c9-8442-6b09-00d9-78291e7080be}"
EndProject
Project("{FAE04EC0-301F-11D3-BF4B-00C04F79EFBC}") = "Sirenix.OdinInspector.CompatibilityLayer", "Sirenix.OdinInspector.CompatibilityLayer.csproj", "{cd744fe6-fbf3-6e0f-3937-59d8f1dd8cde}"
EndProject
Project("{FAE04EC0-301F-11D3-BF4B-00C04F79EFBC}") = "UniTask.TextMeshPro", "UniTask.TextMeshPro.csproj", "{c6a34ad7-8ba0-0cca-ab43-d1b11e46d5a6}"
EndProject
Project("{FAE04EC0-301F-11D3-BF4B-00C04F79EFBC}") = "UniTask.Addressables", "UniTask.Addressables.csproj", "{87a9df56-2027-5e76-921d-c3b684b2e1ce}"
EndProject
Project("{FAE04EC0-301F-11D3-BF4B-00C04F79EFBC}") = "Assembly-CSharp-Editor", "Assembly-CSharp-Editor.csproj", "{7d213aa6-0526-e51b-7a2e-c842b8296fde}"
EndProject
Project("{FAE04EC0-301F-11D3-BF4B-00C04F79EFBC}") = "Sirenix.OdinInspector.CompatibilityLayer.Editor", "Sirenix.OdinInspector.CompatibilityLayer.Editor.csproj", "{a796b377-cdf4-11fc-821c-1a4b6247acef}"
EndProject
Project("{FAE04EC0-301F-11D3-BF4B-00C04F79EFBC}") = "UniTask.Editor", "UniTask.Editor.csproj", "{8815c8de-8ffd-502b-918d-0761bd701bb5}"
EndProject
Project("{FAE04EC0-301F-11D3-BF4B-00C04F79EFBC}") = "Sirenix.OdinInspector.Modules.UnityMathematics", "Sirenix.OdinInspector.Modules.UnityMathematics.csproj", "{34d72b06-76db-6b1e-dac6-d330592f5353}"
EndProject
Project("{FAE04EC0-301F-11D3-BF4B-00C04F79EFBC}") = "Assembly-CSharp-firstpass", "Assembly-CSharp-firstpass.csproj", "{82b4657d-3e8d-fefd-dd6c-7e0dedd2526d}"
EndProject
Project("{FAE04EC0-301F-11D3-BF4B-00C04F79EFBC}") = "Assembly-CSharp-Editor-firstpass", "Assembly-CSharp-Editor-firstpass.csproj", "{d25b95c6-4c2f-b276-1af9-1f7e617e078f}"
EndProject
Global
	GlobalSection(SolutionConfigurationPlatforms) = preSolution
		Debug|Any CPU = Debug|Any CPU
	EndGlobalSection
	GlobalSection(ProjectConfigurationPlatforms) = postSolution
		{f4ee67c2-c17a-7384-cbf4-9d6213c4608e}.Debug|Any CPU.ActiveCfg = Debug|Any CPU
		{f4ee67c2-c17a-7384-cbf4-9d6213c4608e}.Debug|Any CPU.Build.0 = Debug|Any CPU
		{71231e0e-cb38-d206-50c1-e8ac7baf8f0b}.Debug|Any CPU.ActiveCfg = Debug|Any CPU
		{71231e0e-cb38-d206-50c1-e8ac7baf8f0b}.Debug|Any CPU.Build.0 = Debug|Any CPU
		{075ed485-46ed-266f-0572-9df72a7fe015}.Debug|Any CPU.ActiveCfg = Debug|Any CPU
		{075ed485-46ed-266f-0572-9df72a7fe015}.Debug|Any CPU.Build.0 = Debug|Any CPU
		{9733e7c9-8442-6b09-00d9-78291e7080be}.Debug|Any CPU.ActiveCfg = Debug|Any CPU
		{9733e7c9-8442-6b09-00d9-78291e7080be}.Debug|Any CPU.Build.0 = Debug|Any CPU
		{cd744fe6-fbf3-6e0f-3937-59d8f1dd8cde}.Debug|Any CPU.ActiveCfg = Debug|Any CPU
		{cd744fe6-fbf3-6e0f-3937-59d8f1dd8cde}.Debug|Any CPU.Build.0 = Debug|Any CPU
		{c6a34ad7-8ba0-0cca-ab43-d1b11e46d5a6}.Debug|Any CPU.ActiveCfg = Debug|Any CPU
		{c6a34ad7-8ba0-0cca-ab43-d1b11e46d5a6}.Debug|Any CPU.Build.0 = Debug|Any CPU
		{87a9df56-2027-5e76-921d-c3b684b2e1ce}.Debug|Any CPU.ActiveCfg = Debug|Any CPU
		{87a9df56-2027-5e76-921d-c3b684b2e1ce}.Debug|Any CPU.Build.0 = Debug|Any CPU
		{7d213aa6-0526-e51b-7a2e-c842b8296fde}.Debug|Any CPU.ActiveCfg = Debug|Any CPU
		{7d213aa6-0526-e51b-7a2e-c842b8296fde}.Debug|Any CPU.Build.0 = Debug|Any CPU
		{a796b377-cdf4-11fc-821c-1a4b6247acef}.Debug|Any CPU.ActiveCfg = Debug|Any CPU
		{a796b377-cdf4-11fc-821c-1a4b6247acef}.Debug|Any CPU.Build.0 = Debug|Any CPU
		{8815c8de-8ffd-502b-918d-0761bd701bb5}.Debug|Any CPU.ActiveCfg = Debug|Any CPU
		{8815c8de-8ffd-502b-918d-0761bd701bb5}.Debug|Any CPU.Build.0 = Debug|Any CPU
		{34d72b06-76db-6b1e-dac6-d330592f5353}.Debug|Any CPU.ActiveCfg = Debug|Any CPU
		{34d72b06-76db-6b1e-dac6-d330592f5353}.Debug|Any CPU.Build.0 = Debug|Any CPU
		{82b4657d-3e8d-fefd-dd6c-7e0dedd2526d}.Debug|Any CPU.ActiveCfg = Debug|Any CPU
		{82b4657d-3e8d-fefd-dd6c-7e0dedd2526d}.Debug|Any CPU.Build.0 = Debug|Any CPU
		{d25b95c6-4c2f-b276-1af9-1f7e617e078f}.Debug|Any CPU.ActiveCfg = Debug|Any CPU
		{d25b95c6-4c2f-b276-1af9-1f7e617e078f}.Debug|Any CPU.Build.0 = Debug|Any CPU
	EndGlobalSection
	GlobalSection(SolutionProperties) = preSolution
		HideSolutionNode = FALSE
	EndGlobalSection
EndGlobal
